
Microsoft Visual Studio Solution File, Format Version 12.00
# Visual Studio 15
VisualStudioVersion = 15.0.26014.0
MinimumVisualStudioVersion = 10.0.40219.1
Project("{2150E333-8FDC-42A3-9474-1A3956D46DE8}") = "src", "src", "{C6C368AA-256D-4021-BA8D-9E222E902FFB}"
EndProject
Project("{FAE04EC0-301F-11D3-BF4B-00C04F79EFBC}") = "Core", "src\Core\Core.csproj", "{DDE5F9FF-3AA7-4A69-BA46-39B873EAB9FB}"
EndProject
Project("{FAE04EC0-301F-11D3-BF4B-00C04F79EFBC}") = "Cli", "src\Cli\Cli.csproj", "{E8485FDB-D10E-42EF-A97D-67E75C0B84B3}"
EndProject
Project("{FAE04EC0-301F-11D3-BF4B-00C04F79EFBC}") = "Web", "src\Web\Web.csproj", "{EE03D122-DC47-491D-B114-008CCCD891B1}"
EndProject
Global
	GlobalSection(SolutionConfigurationPlatforms) = preSolution
		Debug|Any CPU = Debug|Any CPU
		Debug|x64 = Debug|x64
		Debug|x86 = Debug|x86
		Release|Any CPU = Release|Any CPU
		Release|x64 = Release|x64
		Release|x86 = Release|x86
	EndGlobalSection
	GlobalSection(ProjectConfigurationPlatforms) = postSolution
		{DDE5F9FF-3AA7-4A69-BA46-39B873EAB9FB}.Debug|Any CPU.ActiveCfg = Debug|Any CPU
		{DDE5F9FF-3AA7-4A69-BA46-39B873EAB9FB}.Debug|Any CPU.Build.0 = Debug|Any CPU
		{DDE5F9FF-3AA7-4A69-BA46-39B873EAB9FB}.Debug|x64.ActiveCfg = Debug|x64
		{DDE5F9FF-3AA7-4A69-BA46-39B873EAB9FB}.Debug|x64.Build.0 = Debug|x64
		{DDE5F9FF-3AA7-4A69-BA46-39B873EAB9FB}.Debug|x86.ActiveCfg = Debug|x86
		{DDE5F9FF-3AA7-4A69-BA46-39B873EAB9FB}.Debug|x86.Build.0 = Debug|x86
		{DDE5F9FF-3AA7-4A69-BA46-39B873EAB9FB}.Release|Any CPU.ActiveCfg = Release|Any CPU
		{DDE5F9FF-3AA7-4A69-BA46-39B873EAB9FB}.Release|Any CPU.Build.0 = Release|Any CPU
		{DDE5F9FF-3AA7-4A69-BA46-39B873EAB9FB}.Release|x64.ActiveCfg = Release|x64
		{DDE5F9FF-3AA7-4A69-BA46-39B873EAB9FB}.Release|x64.Build.0 = Release|x64
		{DDE5F9FF-3AA7-4A69-BA46-39B873EAB9FB}.Release|x86.ActiveCfg = Release|x86
		{DDE5F9FF-3AA7-4A69-BA46-39B873EAB9FB}.Release|x86.Build.0 = Release|x86
		{E8485FDB-D10E-42EF-A97D-67E75C0B84B3}.Debug|Any CPU.ActiveCfg = Debug|Any CPU
		{E8485FDB-D10E-42EF-A97D-67E75C0B84B3}.Debug|Any CPU.Build.0 = Debug|Any CPU
		{E8485FDB-D10E-42EF-A97D-67E75C0B84B3}.Debug|x64.ActiveCfg = Debug|x64
		{E8485FDB-D10E-42EF-A97D-67E75C0B84B3}.Debug|x64.Build.0 = Debug|x64
		{E8485FDB-D10E-42EF-A97D-67E75C0B84B3}.Debug|x86.ActiveCfg = Debug|x86
		{E8485FDB-D10E-42EF-A97D-67E75C0B84B3}.Debug|x86.Build.0 = Debug|x86
		{E8485FDB-D10E-42EF-A97D-67E75C0B84B3}.Release|Any CPU.ActiveCfg = Release|Any CPU
		{E8485FDB-D10E-42EF-A97D-67E75C0B84B3}.Release|Any CPU.Build.0 = Release|Any CPU
		{E8485FDB-D10E-42EF-A97D-67E75C0B84B3}.Release|x64.ActiveCfg = Release|x64
		{E8485FDB-D10E-42EF-A97D-67E75C0B84B3}.Release|x64.Build.0 = Release|x64
		{E8485FDB-D10E-42EF-A97D-67E75C0B84B3}.Release|x86.ActiveCfg = Release|x86
		{E8485FDB-D10E-42EF-A97D-67E75C0B84B3}.Release|x86.Build.0 = Release|x86
		{EE03D122-DC47-491D-B114-008CCCD891B1}.Debug|Any CPU.ActiveCfg = Debug|Any CPU
		{EE03D122-DC47-491D-B114-008CCCD891B1}.Debug|Any CPU.Build.0 = Debug|Any CPU
		{EE03D122-DC47-491D-B114-008CCCD891B1}.Debug|x64.ActiveCfg = Debug|x64
		{EE03D122-DC47-491D-B114-008CCCD891B1}.Debug|x64.Build.0 = Debug|x64
		{EE03D122-DC47-491D-B114-008CCCD891B1}.Debug|x86.ActiveCfg = Debug|x86
		{EE03D122-DC47-491D-B114-008CCCD891B1}.Debug|x86.Build.0 = Debug|x86
		{EE03D122-DC47-491D-B114-008CCCD891B1}.Release|Any CPU.ActiveCfg = Release|Any CPU
		{EE03D122-DC47-491D-B114-008CCCD891B1}.Release|Any CPU.Build.0 = Release|Any CPU
		{EE03D122-DC47-491D-B114-008CCCD891B1}.Release|x64.ActiveCfg = Release|x64
		{EE03D122-DC47-491D-B114-008CCCD891B1}.Release|x64.Build.0 = Release|x64
		{EE03D122-DC47-491D-B114-008CCCD891B1}.Release|x86.ActiveCfg = Release|x86
		{EE03D122-DC47-491D-B114-008CCCD891B1}.Release|x86.Build.0 = Release|x86
	EndGlobalSection
	GlobalSection(SolutionProperties) = preSolution
		HideSolutionNode = FALSE
	EndGlobalSection
	GlobalSection(NestedProjects) = preSolution
		{DDE5F9FF-3AA7-4A69-BA46-39B873EAB9FB} = {C6C368AA-256D-4021-BA8D-9E222E902FFB}
		{E8485FDB-D10E-42EF-A97D-67E75C0B84B3} = {C6C368AA-256D-4021-BA8D-9E222E902FFB}
		{EE03D122-DC47-491D-B114-008CCCD891B1} = {C6C368AA-256D-4021-BA8D-9E222E902FFB}
	EndGlobalSection
EndGlobal
